{
  "version": "v1",
  "packages": {
    "davjhan-core": {
      "signature": "bc7d87d7de7c92f01e485c5558a5f034",
      "file": true
    },
    "ham-ui": {
      "signature": "d710c9a5151625c3701504f3ba9a265a",
      "file": true
    },
    "broth-css": {
      "signature": "626048ffecf7e5d9c4375c7011f8cc31",
      "file": true
    }
  }
}