{
  "version": "v1",
  "packages": {
    "davjhan-core": {
      "signature": "2ee3c0f74135ecbff501ffdbc37ae8bd",
      "file": true
    },
    "ham-ui": {
      "signature": "d710c9a5151625c3701504f3ba9a265a",
      "file": true
    },
    "broth-css": {
      "signature": "626048ffecf7e5d9c4375c7011f8cc31",
      "file": true
    }
  }
}