{
  "version": "v1",
  "packages": {
    "davjhan-core": {
      "signature": "bc7d87d7de7c92f01e485c5558a5f034",
      "file": true
    },
    "ham-ui": {
      "signature": "d710c9a5151625c3701504f3ba9a265a",
      "file": true
    },
    "broth-css": {
      "signature": "9a832d9b68e97e250b58ae3c513f2fb5",
      "file": true
    }
  }
}